
Microsoft Visual Studio Solution File, Format Version 12.00
# Visual Studio 15
VisualStudioVersion = 15.0.26730.16
MinimumVisualStudioVersion = 10.0.40219.1
Project("{FAE04EC0-301F-11D3-BF4B-00C04F79EFBC}") = "FormularioWeb", "FormularioWeb\FormularioWeb.csproj", "{5B34BB90-D0F8-4B41-A57E-016EE7A3AA21}"
EndProject
Global
	GlobalSection(SolutionConfigurationPlatforms) = preSolution
		Debug|Any CPU = Debug|Any CPU
		Release|Any CPU = Release|Any CPU
	EndGlobalSection
	GlobalSection(ProjectConfigurationPlatforms) = postSolution
		{5B34BB90-D0F8-4B41-A57E-016EE7A3AA21}.Debug|Any CPU.ActiveCfg = Debug|Any CPU
		{5B34BB90-D0F8-4B41-A57E-016EE7A3AA21}.Debug|Any CPU.Build.0 = Debug|Any CPU
		{5B34BB90-D0F8-4B41-A57E-016EE7A3AA21}.Release|Any CPU.ActiveCfg = Release|Any CPU
		{5B34BB90-D0F8-4B41-A57E-016EE7A3AA21}.Release|Any CPU.Build.0 = Release|Any CPU
	EndGlobalSection
	GlobalSection(SolutionProperties) = preSolution
		HideSolutionNode = FALSE
	EndGlobalSection
	GlobalSection(ExtensibilityGlobals) = postSolution
		SolutionGuid = {BB5882EC-9637-42EE-B159-FF00AB668BF2}
	EndGlobalSection
EndGlobal
